
Microsoft Visual Studio Solution File, Format Version 12.00
# Visual Studio Version 16
VisualStudioVersion = 16.0.30523.141
MinimumVisualStudioVersion = 10.0.40219.1
Project("{FAE04EC0-301F-11D3-BF4B-00C04F79EFBC}") = "NetCoreOpenBankingAPI", "NetCoreOpenBankingAPI\NetCoreOpenBankingAPI.csproj", "{C23DD820-CEBD-40AB-8485-192BAC85A794}"
EndProject
Global
	GlobalSection(SolutionConfigurationPlatforms) = preSolution
		Debug|Any CPU = Debug|Any CPU
		Release|Any CPU = Release|Any CPU
	EndGlobalSection
	GlobalSection(ProjectConfigurationPlatforms) = postSolution
		{C23DD820-CEBD-40AB-8485-192BAC85A794}.Debug|Any CPU.ActiveCfg = Debug|Any CPU
		{C23DD820-CEBD-40AB-8485-192BAC85A794}.Debug|Any CPU.Build.0 = Debug|Any CPU
		{C23DD820-CEBD-40AB-8485-192BAC85A794}.Release|Any CPU.ActiveCfg = Release|Any CPU
		{C23DD820-CEBD-40AB-8485-192BAC85A794}.Release|Any CPU.Build.0 = Release|Any CPU
	EndGlobalSection
	GlobalSection(SolutionProperties) = preSolution
		HideSolutionNode = FALSE
	EndGlobalSection
	GlobalSection(ExtensibilityGlobals) = postSolution
		SolutionGuid = {35274844-EFDF-4767-8A18-BEB357731F3D}
	EndGlobalSection
EndGlobal
